// !$*UTF8*$!
{
	archiveVersion = 1;
	classes = {
	};
	objectVersion = 52;
	objects = {

/* Begin PBXBuildFile section */
		56077FCF257D318900B3E0C2 /* ResponseCategoryModel+ContactsExtensions.swift in Sources */ = {isa = PBXBuildFile; fileRef = 56077FCE257D318900B3E0C2 /* ResponseCategoryModel+ContactsExtensions.swift */; };
		56077FD7257D337100B3E0C2 /* ResponseCategoryModel+NewsExtensions.swift in Sources */ = {isa = PBXBuildFile; fileRef = 56077FD6257D337100B3E0C2 /* ResponseCategoryModel+NewsExtensions.swift */; };
		56265320266442D900359DBB /* SurveyQuestions.swift in Sources */ = {isa = PBXBuildFile; fileRef = 5626531F266442D900359DBB /* SurveyQuestions.swift */; };
		56265322266478B300359DBB /* BotInteractor+SurveyDelegateExtensions.swift in Sources */ = {isa = PBXBuildFile; fileRef = 56265321266478B300359DBB /* BotInteractor+SurveyDelegateExtensions.swift */; };
		56265326266485D700359DBB /* Bool+Extensions.swift in Sources */ = {isa = PBXBuildFile; fileRef = 56265325266485D700359DBB /* Bool+Extensions.swift */; };
		56279F262516264A00DAC0ED /* AppDelegate.swift in Sources */ = {isa = PBXBuildFile; fileRef = 56279F252516264A00DAC0ED /* AppDelegate.swift */; };
		56279F282516264A00DAC0ED /* SceneDelegate.swift in Sources */ = {isa = PBXBuildFile; fileRef = 56279F272516264A00DAC0ED /* SceneDelegate.swift */; };
		56279F2A2516264A00DAC0ED /* ContentView.swift in Sources */ = {isa = PBXBuildFile; fileRef = 56279F292516264A00DAC0ED /* ContentView.swift */; };
		56279F2C2516264C00DAC0ED /* Assets.xcassets in Resources */ = {isa = PBXBuildFile; fileRef = 56279F2B2516264C00DAC0ED /* Assets.xcassets */; };
		56279F2F2516264C00DAC0ED /* Preview Assets.xcassets in Resources */ = {isa = PBXBuildFile; fileRef = 56279F2E2516264C00DAC0ED /* Preview Assets.xcassets */; };
		56279F322516264C00DAC0ED /* LaunchScreen.storyboard in Resources */ = {isa = PBXBuildFile; fileRef = 56279F302516264C00DAC0ED /* LaunchScreen.storyboard */; };
		56279F482516264C00DAC0ED /* ToDoAssistantUITests.swift in Sources */ = {isa = PBXBuildFile; fileRef = 56279F472516264C00DAC0ED /* ToDoAssistantUITests.swift */; };
		56279F562516303E00DAC0ED /* MessageView.swift in Sources */ = {isa = PBXBuildFile; fileRef = 56279F552516303E00DAC0ED /* MessageView.swift */; };
		5639350B257D3AD100CA7B33 /* NewsRequestApiKey.txt in Resources */ = {isa = PBXBuildFile; fileRef = 5639350A257D3AD100CA7B33 /* NewsRequestApiKey.txt */; };
		56393517257D7CA400CA7B33 /* GlobalConstants.swift in Sources */ = {isa = PBXBuildFile; fileRef = 56393516257D7CA400CA7B33 /* GlobalConstants.swift */; };
		563D7BB22674C97000B5E084 /* Queue.swift in Sources */ = {isa = PBXBuildFile; fileRef = 563D7BB12674C97000B5E084 /* Queue.swift */; };
		563D7BB42674CA3500B5E084 /* LinkedList.swift in Sources */ = {isa = PBXBuildFile; fileRef = 563D7BB32674CA3500B5E084 /* LinkedList.swift */; };
		563D7BB62674D7D000B5E084 /* GeneralError.swift in Sources */ = {isa = PBXBuildFile; fileRef = 563D7BB52674D7D000B5E084 /* GeneralError.swift */; };
		563D7BB82674D80600B5E084 /* ToDoAssistantDomains.swift in Sources */ = {isa = PBXBuildFile; fileRef = 563D7BB72674D80600B5E084 /* ToDoAssistantDomains.swift */; };
		563D7BBA2674E37A00B5E084 /* MessagesViewModel.swift in Sources */ = {isa = PBXBuildFile; fileRef = 563D7BB92674E37A00B5E084 /* MessagesViewModel.swift */; };
		5653736425167C1B00828464 /* Bot.swift in Sources */ = {isa = PBXBuildFile; fileRef = 5653736325167C1B00828464 /* Bot.swift */; };
		5653736C25167C4500828464 /* MessageViewPresenter.swift in Sources */ = {isa = PBXBuildFile; fileRef = 5653736B25167C4500828464 /* MessageViewPresenter.swift */; };
		5653737125167C8000828464 /* MessagesView.swift in Sources */ = {isa = PBXBuildFile; fileRef = 5653737025167C8000828464 /* MessagesView.swift */; };
		5653737625167DCC00828464 /* ResponseCategory.swift in Sources */ = {isa = PBXBuildFile; fileRef = 5653737525167DCC00828464 /* ResponseCategory.swift */; };
		5653737B251683EB00828464 /* CategoryDictionary.swift in Sources */ = {isa = PBXBuildFile; fileRef = 5653737A251683EB00828464 /* CategoryDictionary.swift */; };
		5653738125168B3400828464 /* StringProtocol+Extensions.swift in Sources */ = {isa = PBXBuildFile; fileRef = 5653738025168B3400828464 /* StringProtocol+Extensions.swift */; };
		56537389251690A000828464 /* ResponseCategoryModel.swift in Sources */ = {isa = PBXBuildFile; fileRef = 56537388251690A000828464 /* ResponseCategoryModel.swift */; };
		5653739725169B4800828464 /* Action.swift in Sources */ = {isa = PBXBuildFile; fileRef = 5653739625169B4800828464 /* Action.swift */; };
		566D98662690CA5E00BE68C4 /* CitizenshipSurvey.json in Resources */ = {isa = PBXBuildFile; fileRef = 566D98652690CA5E00BE68C4 /* CitizenshipSurvey.json */; };
		566D98682690F34300BE68C4 /* CitizenshipSurvey.swift in Sources */ = {isa = PBXBuildFile; fileRef = 566D98672690F34300BE68C4 /* CitizenshipSurvey.swift */; };
		566D986A2690FA0200BE68C4 /* FileLoader.swift in Sources */ = {isa = PBXBuildFile; fileRef = 566D98692690FA0200BE68C4 /* FileLoader.swift */; };
		566D986C2691EB8F00BE68C4 /* SurveyId.swift in Sources */ = {isa = PBXBuildFile; fileRef = 566D986B2691EB8F00BE68C4 /* SurveyId.swift */; };
		5673D77327A5D446001688AE /* StringUniqueIdEncodeDecodeTests.swift in Sources */ = {isa = PBXBuildFile; fileRef = 5673D77227A5D446001688AE /* StringUniqueIdEncodeDecodeTests.swift */; };
		5680017A259AC70D000DB888 /* ContactsTests.swift in Sources */ = {isa = PBXBuildFile; fileRef = 56800179259AC70D000DB888 /* ContactsTests.swift */; };
		56800183259AC7B2000DB888 /* MockDisplayManager.swift in Sources */ = {isa = PBXBuildFile; fileRef = 56800182259AC7B2000DB888 /* MockDisplayManager.swift */; };
		5695533827C2A1B400C7248A /* ResponseCategoryTests.swift in Sources */ = {isa = PBXBuildFile; fileRef = 5695533727C2A1B400C7248A /* ResponseCategoryTests.swift */; };
		5695533A27C3026F00C7248A /* AppDependencies.swift in Sources */ = {isa = PBXBuildFile; fileRef = 5695533927C3026F00C7248A /* AppDependencies.swift */; };
		56B9336825717627001EB195 /* ContactsInteractor.swift in Sources */ = {isa = PBXBuildFile; fileRef = 56B9336725717627001EB195 /* ContactsInteractor.swift */; };
		56B9336D257260FC001EB195 /* ContactsRepository.swift in Sources */ = {isa = PBXBuildFile; fileRef = 56B9336C257260FB001EB195 /* ContactsRepository.swift */; };
		56B9337225726498001EB195 /* ContactsPresenter.swift in Sources */ = {isa = PBXBuildFile; fileRef = 56B9337125726498001EB195 /* ContactsPresenter.swift */; };
		56B93377257268E3001EB195 /* TodoAssistantDisplayManager.swift in Sources */ = {isa = PBXBuildFile; fileRef = 56B93376257268E3001EB195 /* TodoAssistantDisplayManager.swift */; };
		56B9337C25726972001EB195 /* ContactsRouter.swift in Sources */ = {isa = PBXBuildFile; fileRef = 56B9337B25726972001EB195 /* ContactsRouter.swift */; };
		56B9339125727FDA001EB195 /* BotRouter.swift in Sources */ = {isa = PBXBuildFile; fileRef = 56B9339025727FDA001EB195 /* BotRouter.swift */; };
		56B933A5257290B2001EB195 /* Contact.swift in Sources */ = {isa = PBXBuildFile; fileRef = 56B933A4257290B2001EB195 /* Contact.swift */; };
		56CE47A12688981C00A866CA /* SQLite in Frameworks */ = {isa = PBXBuildFile; productRef = 56CE47A02688981C00A866CA /* SQLite */; };
		56CE47A32688987E00A866CA /* CategoriesDao.swift in Sources */ = {isa = PBXBuildFile; fileRef = 56CE47A22688987E00A866CA /* CategoriesDao.swift */; };
		56CE47A5268898FE00A866CA /* BaseDao.swift in Sources */ = {isa = PBXBuildFile; fileRef = 56CE47A4268898FE00A866CA /* BaseDao.swift */; };
		56D1CE4725559990008485FD /* NewsRequest.swift in Sources */ = {isa = PBXBuildFile; fileRef = 56D1CE4625559990008485FD /* NewsRequest.swift */; };
		56D1CE4F2555CF47008485FD /* String+Extensions.swift in Sources */ = {isa = PBXBuildFile; fileRef = 56D1CE4E2555CF47008485FD /* String+Extensions.swift */; };
		56D1CE582555F5FA008485FD /* News.swift in Sources */ = {isa = PBXBuildFile; fileRef = 56D1CE572555F5FA008485FD /* News.swift */; };
		56D1CE5D2555F625008485FD /* Article+Extensions.swift in Sources */ = {isa = PBXBuildFile; fileRef = 56D1CE5C2555F625008485FD /* Article+Extensions.swift */; };
		56D1CE672556706F008485FD /* BotInteractor.swift in Sources */ = {isa = PBXBuildFile; fileRef = 56D1CE662556706F008485FD /* BotInteractor.swift */; };
		56D1CE812557007C008485FD /* Message.swift in Sources */ = {isa = PBXBuildFile; fileRef = 56D1CE802557007C008485FD /* Message.swift */; };
		56D20DEC263D8ACE000E9897 /* SurveyViewController.swift in Sources */ = {isa = PBXBuildFile; fileRef = 56D20DEB263D8ACE000E9897 /* SurveyViewController.swift */; };
		56D20DF4263D8ADF000E9897 /* SurveyInteractor.swift in Sources */ = {isa = PBXBuildFile; fileRef = 56D20DF3263D8ADF000E9897 /* SurveyInteractor.swift */; };
		56D20DF9263D8AEF000E9897 /* SurveyRouter.swift in Sources */ = {isa = PBXBuildFile; fileRef = 56D20DF8263D8AEF000E9897 /* SurveyRouter.swift */; };
		56D20DFE263D8B00000E9897 /* SurveyRepository.swift in Sources */ = {isa = PBXBuildFile; fileRef = 56D20DFD263D8B00000E9897 /* SurveyRepository.swift */; };
		56D20E03263D8B22000E9897 /* SurveyPresenter.swift in Sources */ = {isa = PBXBuildFile; fileRef = 56D20E02263D8B22000E9897 /* SurveyPresenter.swift */; };
		56ECA32D2837A97800006857 /* QuestionAnswerModel.swift in Sources */ = {isa = PBXBuildFile; fileRef = 56ECA32C2837A97800006857 /* QuestionAnswerModel.swift */; };
		56ECA3372837B47700006857 /* bert-base-uncased-vocab.txt in Resources */ = {isa = PBXBuildFile; fileRef = 56ECA3362837B47700006857 /* bert-base-uncased-vocab.txt */; };
		56ECA3392839417900006857 /* BertInput.swift in Sources */ = {isa = PBXBuildFile; fileRef = 56ECA3382839417900006857 /* BertInput.swift */; };
		56ECA33B283941AA00006857 /* BertOutput.swift in Sources */ = {isa = PBXBuildFile; fileRef = 56ECA33A283941AA00006857 /* BertOutput.swift */; };
		56ECA33D283941E800006857 /* BertVocabulary.swift in Sources */ = {isa = PBXBuildFile; fileRef = 56ECA33C283941E800006857 /* BertVocabulary.swift */; };
		56ECA33F2839423600006857 /* TokenizedString.swift in Sources */ = {isa = PBXBuildFile; fileRef = 56ECA33E2839423600006857 /* TokenizedString.swift */; };
		56ECA341283945AE00006857 /* BERTQAFP16.mlmodel in Sources */ = {isa = PBXBuildFile; fileRef = 56ECA340283945AE00006857 /* BERTQAFP16.mlmodel */; };
		56ED012E25951662001770B8 /* ContactsViewController.swift in Sources */ = {isa = PBXBuildFile; fileRef = 56ED012D25951662001770B8 /* ContactsViewController.swift */; };
		56ED013A2595455C001770B8 /* ContactCell.swift in Sources */ = {isa = PBXBuildFile; fileRef = 56ED01392595455C001770B8 /* ContactCell.swift */; };
		56F074CA2663C6240099DA8F /* ORKFieldValue.swift in Sources */ = {isa = PBXBuildFile; fileRef = 56F074C92663C6240099DA8F /* ORKFieldValue.swift */; };
		56F46083265A896C005EA565 /* StaticActionId.swift in Sources */ = {isa = PBXBuildFile; fileRef = 56F46082265A896C005EA565 /* StaticActionId.swift */; };
		56F46089265A8C39005EA565 /* ResponseCategoryModel+SurveyExtensions.swift in Sources */ = {isa = PBXBuildFile; fileRef = 56F46088265A8C39005EA565 /* ResponseCategoryModel+SurveyExtensions.swift */; };
		56F4608F265A94EC005EA565 /* ResearchKit in Frameworks */ = {isa = PBXBuildFile; productRef = 56F4608E265A94EC005EA565 /* ResearchKit */; };
		56F46094265A9588005EA565 /* ConsentDocument.swift in Sources */ = {isa = PBXBuildFile; fileRef = 56F46093265A9588005EA565 /* ConsentDocument.swift */; };
		56F46099265A971F005EA565 /* ConsentTask.swift in Sources */ = {isa = PBXBuildFile; fileRef = 56F46098265A971F005EA565 /* ConsentTask.swift */; };
		56F4609F265FDB4A005EA565 /* SurveyTaskFactory.swift in Sources */ = {isa = PBXBuildFile; fileRef = 56F4609E265FDB4A005EA565 /* SurveyTaskFactory.swift */; };
		56F5B3C92693CDA200773D6A /* String+BotExtensions.swift in Sources */ = {isa = PBXBuildFile; fileRef = 56F5B3C82693CDA200773D6A /* String+BotExtensions.swift */; };
/* End PBXBuildFile section */

/* Begin PBXContainerItemProxy section */
		56279F392516264C00DAC0ED /* PBXContainerItemProxy */ = {
			isa = PBXContainerItemProxy;
			containerPortal = 56279F1A2516264A00DAC0ED /* Project object */;
			proxyType = 1;
			remoteGlobalIDString = 56279F212516264A00DAC0ED;
			remoteInfo = ToDoAssistant;
		};
		56279F442516264C00DAC0ED /* PBXContainerItemProxy */ = {
			isa = PBXContainerItemProxy;
			containerPortal = 56279F1A2516264A00DAC0ED /* Project object */;
			proxyType = 1;
			remoteGlobalIDString = 56279F212516264A00DAC0ED;
			remoteInfo = ToDoAssistant;
		};
/* End PBXContainerItemProxy section */

/* Begin PBXFileReference section */
		56077FCE257D318900B3E0C2 /* ResponseCategoryModel+ContactsExtensions.swift */ = {isa = PBXFileReference; lastKnownFileType = sourcecode.swift; path = "ResponseCategoryModel+ContactsExtensions.swift"; sourceTree = "<group>"; };
		56077FD6257D337100B3E0C2 /* ResponseCategoryModel+NewsExtensions.swift */ = {isa = PBXFileReference; lastKnownFileType = sourcecode.swift; path = "ResponseCategoryModel+NewsExtensions.swift"; sourceTree = "<group>"; };
		5626531F266442D900359DBB /* SurveyQuestions.swift */ = {isa = PBXFileReference; lastKnownFileType = sourcecode.swift; path = SurveyQuestions.swift; sourceTree = "<group>"; };
		56265321266478B300359DBB /* BotInteractor+SurveyDelegateExtensions.swift */ = {isa = PBXFileReference; lastKnownFileType = sourcecode.swift; path = "BotInteractor+SurveyDelegateExtensions.swift"; sourceTree = "<group>"; };
		56265325266485D700359DBB /* Bool+Extensions.swift */ = {isa = PBXFileReference; lastKnownFileType = sourcecode.swift; path = "Bool+Extensions.swift"; sourceTree = "<group>"; };
		56279F222516264A00DAC0ED /* ToDoAssistant.app */ = {isa = PBXFileReference; explicitFileType = wrapper.application; includeInIndex = 0; path = ToDoAssistant.app; sourceTree = BUILT_PRODUCTS_DIR; };
		56279F252516264A00DAC0ED /* AppDelegate.swift */ = {isa = PBXFileReference; lastKnownFileType = sourcecode.swift; path = AppDelegate.swift; sourceTree = "<group>"; };
		56279F272516264A00DAC0ED /* SceneDelegate.swift */ = {isa = PBXFileReference; lastKnownFileType = sourcecode.swift; path = SceneDelegate.swift; sourceTree = "<group>"; };
		56279F292516264A00DAC0ED /* ContentView.swift */ = {isa = PBXFileReference; lastKnownFileType = sourcecode.swift; path = ContentView.swift; sourceTree = "<group>"; };
		56279F2B2516264C00DAC0ED /* Assets.xcassets */ = {isa = PBXFileReference; lastKnownFileType = folder.assetcatalog; path = Assets.xcassets; sourceTree = "<group>"; };
		56279F2E2516264C00DAC0ED /* Preview Assets.xcassets */ = {isa = PBXFileReference; lastKnownFileType = folder.assetcatalog; path = "Preview Assets.xcassets"; sourceTree = "<group>"; };
		56279F312516264C00DAC0ED /* Base */ = {isa = PBXFileReference; lastKnownFileType = file.storyboard; name = Base; path = Base.lproj/LaunchScreen.storyboard; sourceTree = "<group>"; };
		56279F332516264C00DAC0ED /* Info.plist */ = {isa = PBXFileReference; lastKnownFileType = text.plist.xml; path = Info.plist; sourceTree = "<group>"; };
		56279F382516264C00DAC0ED /* ToDoAssistantTests.xctest */ = {isa = PBXFileReference; explicitFileType = wrapper.cfbundle; includeInIndex = 0; path = ToDoAssistantTests.xctest; sourceTree = BUILT_PRODUCTS_DIR; };
		56279F3E2516264C00DAC0ED /* Info.plist */ = {isa = PBXFileReference; lastKnownFileType = text.plist.xml; path = Info.plist; sourceTree = "<group>"; };
		56279F432516264C00DAC0ED /* ToDoAssistantUITests.xctest */ = {isa = PBXFileReference; explicitFileType = wrapper.cfbundle; includeInIndex = 0; path = ToDoAssistantUITests.xctest; sourceTree = BUILT_PRODUCTS_DIR; };
		56279F472516264C00DAC0ED /* ToDoAssistantUITests.swift */ = {isa = PBXFileReference; lastKnownFileType = sourcecode.swift; path = ToDoAssistantUITests.swift; sourceTree = "<group>"; };
		56279F492516264C00DAC0ED /* Info.plist */ = {isa = PBXFileReference; lastKnownFileType = text.plist.xml; path = Info.plist; sourceTree = "<group>"; };
		56279F552516303E00DAC0ED /* MessageView.swift */ = {isa = PBXFileReference; lastKnownFileType = sourcecode.swift; path = MessageView.swift; sourceTree = "<group>"; };
		5639350A257D3AD100CA7B33 /* NewsRequestApiKey.txt */ = {isa = PBXFileReference; fileEncoding = 4; lastKnownFileType = text; path = NewsRequestApiKey.txt; sourceTree = "<group>"; usesTabs = 0; };
		56393516257D7CA400CA7B33 /* GlobalConstants.swift */ = {isa = PBXFileReference; lastKnownFileType = sourcecode.swift; path = GlobalConstants.swift; sourceTree = "<group>"; };
		563D7BB12674C97000B5E084 /* Queue.swift */ = {isa = PBXFileReference; lastKnownFileType = sourcecode.swift; path = Queue.swift; sourceTree = "<group>"; };
		563D7BB32674CA3500B5E084 /* LinkedList.swift */ = {isa = PBXFileReference; lastKnownFileType = sourcecode.swift; path = LinkedList.swift; sourceTree = "<group>"; };
		563D7BB52674D7D000B5E084 /* GeneralError.swift */ = {isa = PBXFileReference; lastKnownFileType = sourcecode.swift; path = GeneralError.swift; sourceTree = "<group>"; };
		563D7BB72674D80600B5E084 /* ToDoAssistantDomains.swift */ = {isa = PBXFileReference; lastKnownFileType = sourcecode.swift; path = ToDoAssistantDomains.swift; sourceTree = "<group>"; };
		563D7BB92674E37A00B5E084 /* MessagesViewModel.swift */ = {isa = PBXFileReference; lastKnownFileType = sourcecode.swift; path = MessagesViewModel.swift; sourceTree = "<group>"; };
		5653736325167C1B00828464 /* Bot.swift */ = {isa = PBXFileReference; lastKnownFileType = sourcecode.swift; path = Bot.swift; sourceTree = "<group>"; };
		5653736B25167C4500828464 /* MessageViewPresenter.swift */ = {isa = PBXFileReference; lastKnownFileType = sourcecode.swift; path = MessageViewPresenter.swift; sourceTree = "<group>"; };
		5653737025167C8000828464 /* MessagesView.swift */ = {isa = PBXFileReference; lastKnownFileType = sourcecode.swift; path = MessagesView.swift; sourceTree = "<group>"; };
		5653737525167DCC00828464 /* ResponseCategory.swift */ = {isa = PBXFileReference; lastKnownFileType = sourcecode.swift; path = ResponseCategory.swift; sourceTree = "<group>"; };
		5653737A251683EB00828464 /* CategoryDictionary.swift */ = {isa = PBXFileReference; lastKnownFileType = sourcecode.swift; path = CategoryDictionary.swift; sourceTree = "<group>"; };
		5653738025168B3400828464 /* StringProtocol+Extensions.swift */ = {isa = PBXFileReference; lastKnownFileType = sourcecode.swift; path = "StringProtocol+Extensions.swift"; sourceTree = "<group>"; };
		56537388251690A000828464 /* ResponseCategoryModel.swift */ = {isa = PBXFileReference; lastKnownFileType = sourcecode.swift; path = ResponseCategoryModel.swift; sourceTree = "<group>"; };
		5653739625169B4800828464 /* Action.swift */ = {isa = PBXFileReference; lastKnownFileType = sourcecode.swift; path = Action.swift; sourceTree = "<group>"; };
		566D98652690CA5E00BE68C4 /* CitizenshipSurvey.json */ = {isa = PBXFileReference; lastKnownFileType = text.json; path = CitizenshipSurvey.json; sourceTree = "<group>"; };
		566D98672690F34300BE68C4 /* CitizenshipSurvey.swift */ = {isa = PBXFileReference; lastKnownFileType = sourcecode.swift; path = CitizenshipSurvey.swift; sourceTree = "<group>"; };
		566D98692690FA0200BE68C4 /* FileLoader.swift */ = {isa = PBXFileReference; lastKnownFileType = sourcecode.swift; path = FileLoader.swift; sourceTree = "<group>"; };
		566D986B2691EB8F00BE68C4 /* SurveyId.swift */ = {isa = PBXFileReference; lastKnownFileType = sourcecode.swift; path = SurveyId.swift; sourceTree = "<group>"; };
		5673D77227A5D446001688AE /* StringUniqueIdEncodeDecodeTests.swift */ = {isa = PBXFileReference; lastKnownFileType = sourcecode.swift; path = StringUniqueIdEncodeDecodeTests.swift; sourceTree = "<group>"; };
		56800179259AC70D000DB888 /* ContactsTests.swift */ = {isa = PBXFileReference; lastKnownFileType = sourcecode.swift; path = ContactsTests.swift; sourceTree = "<group>"; };
		56800182259AC7B2000DB888 /* MockDisplayManager.swift */ = {isa = PBXFileReference; lastKnownFileType = sourcecode.swift; path = MockDisplayManager.swift; sourceTree = "<group>"; };
		5695533727C2A1B400C7248A /* ResponseCategoryTests.swift */ = {isa = PBXFileReference; lastKnownFileType = sourcecode.swift; path = ResponseCategoryTests.swift; sourceTree = "<group>"; };
		5695533927C3026F00C7248A /* AppDependencies.swift */ = {isa = PBXFileReference; lastKnownFileType = sourcecode.swift; path = AppDependencies.swift; sourceTree = "<group>"; };
		56B9336725717627001EB195 /* ContactsInteractor.swift */ = {isa = PBXFileReference; lastKnownFileType = sourcecode.swift; path = ContactsInteractor.swift; sourceTree = "<group>"; };
		56B9336C257260FB001EB195 /* ContactsRepository.swift */ = {isa = PBXFileReference; lastKnownFileType = sourcecode.swift; path = ContactsRepository.swift; sourceTree = "<group>"; };
		56B9337125726498001EB195 /* ContactsPresenter.swift */ = {isa = PBXFileReference; lastKnownFileType = sourcecode.swift; path = ContactsPresenter.swift; sourceTree = "<group>"; };
		56B93376257268E3001EB195 /* TodoAssistantDisplayManager.swift */ = {isa = PBXFileReference; lastKnownFileType = sourcecode.swift; path = TodoAssistantDisplayManager.swift; sourceTree = "<group>"; };
		56B9337B25726972001EB195 /* ContactsRouter.swift */ = {isa = PBXFileReference; lastKnownFileType = sourcecode.swift; path = ContactsRouter.swift; sourceTree = "<group>"; };
		56B9339025727FDA001EB195 /* BotRouter.swift */ = {isa = PBXFileReference; lastKnownFileType = sourcecode.swift; path = BotRouter.swift; sourceTree = "<group>"; };
		56B933A4257290B2001EB195 /* Contact.swift */ = {isa = PBXFileReference; lastKnownFileType = sourcecode.swift; path = Contact.swift; sourceTree = "<group>"; };
		56CE47A22688987E00A866CA /* CategoriesDao.swift */ = {isa = PBXFileReference; lastKnownFileType = sourcecode.swift; path = CategoriesDao.swift; sourceTree = "<group>"; };
		56CE47A4268898FE00A866CA /* BaseDao.swift */ = {isa = PBXFileReference; lastKnownFileType = sourcecode.swift; path = BaseDao.swift; sourceTree = "<group>"; };
		56D1CE4625559990008485FD /* NewsRequest.swift */ = {isa = PBXFileReference; lastKnownFileType = sourcecode.swift; path = NewsRequest.swift; sourceTree = "<group>"; };
		56D1CE4E2555CF47008485FD /* String+Extensions.swift */ = {isa = PBXFileReference; lastKnownFileType = sourcecode.swift; path = "String+Extensions.swift"; sourceTree = "<group>"; };
		56D1CE572555F5FA008485FD /* News.swift */ = {isa = PBXFileReference; lastKnownFileType = sourcecode.swift; path = News.swift; sourceTree = "<group>"; };
		56D1CE5C2555F625008485FD /* Article+Extensions.swift */ = {isa = PBXFileReference; lastKnownFileType = sourcecode.swift; path = "Article+Extensions.swift"; sourceTree = "<group>"; };
		56D1CE662556706F008485FD /* BotInteractor.swift */ = {isa = PBXFileReference; lastKnownFileType = sourcecode.swift; path = BotInteractor.swift; sourceTree = "<group>"; };
		56D1CE802557007C008485FD /* Message.swift */ = {isa = PBXFileReference; lastKnownFileType = sourcecode.swift; path = Message.swift; sourceTree = "<group>"; };
		56D20DEB263D8ACE000E9897 /* SurveyViewController.swift */ = {isa = PBXFileReference; lastKnownFileType = sourcecode.swift; path = SurveyViewController.swift; sourceTree = "<group>"; };
		56D20DF3263D8ADF000E9897 /* SurveyInteractor.swift */ = {isa = PBXFileReference; lastKnownFileType = sourcecode.swift; path = SurveyInteractor.swift; sourceTree = "<group>"; };
		56D20DF8263D8AEF000E9897 /* SurveyRouter.swift */ = {isa = PBXFileReference; lastKnownFileType = sourcecode.swift; path = SurveyRouter.swift; sourceTree = "<group>"; };
		56D20DFD263D8B00000E9897 /* SurveyRepository.swift */ = {isa = PBXFileReference; lastKnownFileType = sourcecode.swift; path = SurveyRepository.swift; sourceTree = "<group>"; };
		56D20E02263D8B22000E9897 /* SurveyPresenter.swift */ = {isa = PBXFileReference; lastKnownFileType = sourcecode.swift; path = SurveyPresenter.swift; sourceTree = "<group>"; };
		56ECA32C2837A97800006857 /* QuestionAnswerModel.swift */ = {isa = PBXFileReference; lastKnownFileType = sourcecode.swift; path = QuestionAnswerModel.swift; sourceTree = "<group>"; };
		56ECA3362837B47700006857 /* bert-base-uncased-vocab.txt */ = {isa = PBXFileReference; lastKnownFileType = text; path = "bert-base-uncased-vocab.txt"; sourceTree = "<group>"; };
		56ECA3382839417900006857 /* BertInput.swift */ = {isa = PBXFileReference; lastKnownFileType = sourcecode.swift; path = BertInput.swift; sourceTree = "<group>"; };
		56ECA33A283941AA00006857 /* BertOutput.swift */ = {isa = PBXFileReference; lastKnownFileType = sourcecode.swift; path = BertOutput.swift; sourceTree = "<group>"; };
		56ECA33C283941E800006857 /* BertVocabulary.swift */ = {isa = PBXFileReference; lastKnownFileType = sourcecode.swift; path = BertVocabulary.swift; sourceTree = "<group>"; };
		56ECA33E2839423600006857 /* TokenizedString.swift */ = {isa = PBXFileReference; lastKnownFileType = sourcecode.swift; path = TokenizedString.swift; sourceTree = "<group>"; };
		56ECA340283945AE00006857 /* BERTQAFP16.mlmodel */ = {isa = PBXFileReference; lastKnownFileType = file.mlmodel; path = BERTQAFP16.mlmodel; sourceTree = "<group>"; };
		56ED012D25951662001770B8 /* ContactsViewController.swift */ = {isa = PBXFileReference; lastKnownFileType = sourcecode.swift; path = ContactsViewController.swift; sourceTree = "<group>"; };
		56ED01392595455C001770B8 /* ContactCell.swift */ = {isa = PBXFileReference; lastKnownFileType = sourcecode.swift; path = ContactCell.swift; sourceTree = "<group>"; };
		56F074C92663C6240099DA8F /* ORKFieldValue.swift */ = {isa = PBXFileReference; lastKnownFileType = sourcecode.swift; path = ORKFieldValue.swift; sourceTree = "<group>"; };
		56F46082265A896C005EA565 /* StaticActionId.swift */ = {isa = PBXFileReference; lastKnownFileType = sourcecode.swift; path = StaticActionId.swift; sourceTree = "<group>"; };
		56F46088265A8C39005EA565 /* ResponseCategoryModel+SurveyExtensions.swift */ = {isa = PBXFileReference; lastKnownFileType = sourcecode.swift; path = "ResponseCategoryModel+SurveyExtensions.swift"; sourceTree = "<group>"; };
		56F46093265A9588005EA565 /* ConsentDocument.swift */ = {isa = PBXFileReference; lastKnownFileType = sourcecode.swift; path = ConsentDocument.swift; sourceTree = "<group>"; };
		56F46098265A971F005EA565 /* ConsentTask.swift */ = {isa = PBXFileReference; lastKnownFileType = sourcecode.swift; path = ConsentTask.swift; sourceTree = "<group>"; };
		56F4609E265FDB4A005EA565 /* SurveyTaskFactory.swift */ = {isa = PBXFileReference; lastKnownFileType = sourcecode.swift; path = SurveyTaskFactory.swift; sourceTree = "<group>"; };
		56F5B3C82693CDA200773D6A /* String+BotExtensions.swift */ = {isa = PBXFileReference; lastKnownFileType = sourcecode.swift; path = "String+BotExtensions.swift"; sourceTree = "<group>"; };
/* End PBXFileReference section */

/* Begin PBXFrameworksBuildPhase section */
		56279F1F2516264A00DAC0ED /* Frameworks */ = {
			isa = PBXFrameworksBuildPhase;
			buildActionMask = 2147483647;
			files = (
				56CE47A12688981C00A866CA /* SQLite in Frameworks */,
				56F4608F265A94EC005EA565 /* ResearchKit in Frameworks */,
			);
			runOnlyForDeploymentPostprocessing = 0;
		};
		56279F352516264C00DAC0ED /* Frameworks */ = {
			isa = PBXFrameworksBuildPhase;
			buildActionMask = 2147483647;
			files = (
			);
			runOnlyForDeploymentPostprocessing = 0;
		};
		56279F402516264C00DAC0ED /* Frameworks */ = {
			isa = PBXFrameworksBuildPhase;
			buildActionMask = 2147483647;
			files = (
			);
			runOnlyForDeploymentPostprocessing = 0;
		};
/* End PBXFrameworksBuildPhase section */

/* Begin PBXGroup section */
		56077FCD257D312500B3E0C2 /* Extensions */ = {
			isa = PBXGroup;
			children = (
				56077FCE257D318900B3E0C2 /* ResponseCategoryModel+ContactsExtensions.swift */,
			);
			path = Extensions;
			sourceTree = "<group>";
		};
		5626531E2664423700359DBB /* Models */ = {
			isa = PBXGroup;
			children = (
				5626531F266442D900359DBB /* SurveyQuestions.swift */,
				566D98672690F34300BE68C4 /* CitizenshipSurvey.swift */,
			);
			path = Models;
			sourceTree = "<group>";
		};
		5626532326647A1A00359DBB /* Category */ = {
			isa = PBXGroup;
			children = (
				5653737A251683EB00828464 /* CategoryDictionary.swift */,
				5653737525167DCC00828464 /* ResponseCategory.swift */,
				56537388251690A000828464 /* ResponseCategoryModel.swift */,
			);
			path = Category;
			sourceTree = "<group>";
		};
		5626532426647A8200359DBB /* Action */ = {
			isa = PBXGroup;
			children = (
				5653739625169B4800828464 /* Action.swift */,
				56F46082265A896C005EA565 /* StaticActionId.swift */,
			);
			path = Action;
			sourceTree = "<group>";
		};
		56279F192516264A00DAC0ED = {
			isa = PBXGroup;
			children = (
				56279F242516264A00DAC0ED /* ToDoAssistant */,
				56279F3B2516264C00DAC0ED /* ToDoAssistantTests */,
				56279F462516264C00DAC0ED /* ToDoAssistantUITests */,
				56279F232516264A00DAC0ED /* Products */,
			);
			sourceTree = "<group>";
		};
		56279F232516264A00DAC0ED /* Products */ = {
			isa = PBXGroup;
			children = (
				56279F222516264A00DAC0ED /* ToDoAssistant.app */,
				56279F382516264C00DAC0ED /* ToDoAssistantTests.xctest */,
				56279F432516264C00DAC0ED /* ToDoAssistantUITests.xctest */,
			);
			name = Products;
			sourceTree = "<group>";
		};
		56279F242516264A00DAC0ED /* ToDoAssistant */ = {
			isa = PBXGroup;
			children = (
				56ECA3282837A6D500006857 /* MachineLearning */,
				56D20DEA263D8A73000E9897 /* Survey */,
				56393515257D7C8E00CA7B33 /* Core */,
				56393509257D39F000CA7B33 /* ApiKeys */,
				56B933662571760D001EB195 /* Contacts */,
				56D1CE4525559858008485FD /* News */,
				5653736225167C0E00828464 /* Bot */,
				5653736125167BFA00828464 /* Message */,
				56279F252516264A00DAC0ED /* AppDelegate.swift */,
				56279F272516264A00DAC0ED /* SceneDelegate.swift */,
				56279F292516264A00DAC0ED /* ContentView.swift */,
				56279F2B2516264C00DAC0ED /* Assets.xcassets */,
				56279F302516264C00DAC0ED /* LaunchScreen.storyboard */,
				56279F332516264C00DAC0ED /* Info.plist */,
				56279F2D2516264C00DAC0ED /* Preview Content */,
				5695533927C3026F00C7248A /* AppDependencies.swift */,
			);
			path = ToDoAssistant;
			sourceTree = "<group>";
		};
		56279F2D2516264C00DAC0ED /* Preview Content */ = {
			isa = PBXGroup;
			children = (
				56279F2E2516264C00DAC0ED /* Preview Assets.xcassets */,
			);
			path = "Preview Content";
			sourceTree = "<group>";
		};
		56279F3B2516264C00DAC0ED /* ToDoAssistantTests */ = {
			isa = PBXGroup;
			children = (
				5695533527C2A18600C7248A /* Bot */,
				5673D77127A5D417001688AE /* String+Extensions */,
				56800181259AC761000DB888 /* Mocks */,
				56800178259AC6D2000DB888 /* Contacts */,
				56279F3E2516264C00DAC0ED /* Info.plist */,
			);
			path = ToDoAssistantTests;
			sourceTree = "<group>";
		};
		56279F462516264C00DAC0ED /* ToDoAssistantUITests */ = {
			isa = PBXGroup;
			children = (
				56279F472516264C00DAC0ED /* ToDoAssistantUITests.swift */,
				56279F492516264C00DAC0ED /* Info.plist */,
			);
			path = ToDoAssistantUITests;
			sourceTree = "<group>";
		};
		56393509257D39F000CA7B33 /* ApiKeys */ = {
			isa = PBXGroup;
			children = (
				5639350A257D3AD100CA7B33 /* NewsRequestApiKey.txt */,
			);
			path = ApiKeys;
			sourceTree = "<group>";
		};
		56393515257D7C8E00CA7B33 /* Core */ = {
			isa = PBXGroup;
			children = (
				5653737F25168B1F00828464 /* Extensions */,
				56393516257D7CA400CA7B33 /* GlobalConstants.swift */,
				56B93376257268E3001EB195 /* TodoAssistantDisplayManager.swift */,
				563D7BB12674C97000B5E084 /* Queue.swift */,
				563D7BB32674CA3500B5E084 /* LinkedList.swift */,
				563D7BB52674D7D000B5E084 /* GeneralError.swift */,
				563D7BB72674D80600B5E084 /* ToDoAssistantDomains.swift */,
				56CE47A22688987E00A866CA /* CategoriesDao.swift */,
				56CE47A4268898FE00A866CA /* BaseDao.swift */,
				566D98692690FA0200BE68C4 /* FileLoader.swift */,
			);
			path = Core;
			sourceTree = "<group>";
		};
		5653736125167BFA00828464 /* Message */ = {
			isa = PBXGroup;
			children = (
				56279F552516303E00DAC0ED /* MessageView.swift */,
				5653736B25167C4500828464 /* MessageViewPresenter.swift */,
				5653737025167C8000828464 /* MessagesView.swift */,
				56D1CE802557007C008485FD /* Message.swift */,
				563D7BB92674E37A00B5E084 /* MessagesViewModel.swift */,
			);
			path = Message;
			sourceTree = "<group>";
		};
		5653736225167C0E00828464 /* Bot */ = {
			isa = PBXGroup;
			children = (
				56F5B3C72693CD8900773D6A /* Extensions */,
				5626532426647A8200359DBB /* Action */,
				5626532326647A1A00359DBB /* Category */,
				5653736325167C1B00828464 /* Bot.swift */,
				56B9339025727FDA001EB195 /* BotRouter.swift */,
				56D1CE662556706F008485FD /* BotInteractor.swift */,
			);
			path = Bot;
			sourceTree = "<group>";
		};
		5653737F25168B1F00828464 /* Extensions */ = {
			isa = PBXGroup;
			children = (
				5653738025168B3400828464 /* StringProtocol+Extensions.swift */,
				56D1CE4E2555CF47008485FD /* String+Extensions.swift */,
				56265325266485D700359DBB /* Bool+Extensions.swift */,
			);
			path = Extensions;
			sourceTree = "<group>";
		};
		566D98642690CA1E00BE68C4 /* JSON */ = {
			isa = PBXGroup;
			children = (
				566D98652690CA5E00BE68C4 /* CitizenshipSurvey.json */,
			);
			path = JSON;
			sourceTree = "<group>";
		};
		5673D77127A5D417001688AE /* String+Extensions */ = {
			isa = PBXGroup;
			children = (
				5673D77227A5D446001688AE /* StringUniqueIdEncodeDecodeTests.swift */,
			);
			path = "String+Extensions";
			sourceTree = "<group>";
		};
		56800178259AC6D2000DB888 /* Contacts */ = {
			isa = PBXGroup;
			children = (
				56800179259AC70D000DB888 /* ContactsTests.swift */,
			);
			path = Contacts;
			sourceTree = "<group>";
		};
		56800181259AC761000DB888 /* Mocks */ = {
			isa = PBXGroup;
			children = (
				56800182259AC7B2000DB888 /* MockDisplayManager.swift */,
			);
			path = Mocks;
			sourceTree = "<group>";
		};
		5695533527C2A18600C7248A /* Bot */ = {
			isa = PBXGroup;
			children = (
				5695533627C2A19100C7248A /* Category */,
			);
			path = Bot;
			sourceTree = "<group>";
		};
		5695533627C2A19100C7248A /* Category */ = {
			isa = PBXGroup;
			children = (
				5695533727C2A1B400C7248A /* ResponseCategoryTests.swift */,
			);
			path = Category;
			sourceTree = "<group>";
		};
		56B933662571760D001EB195 /* Contacts */ = {
			isa = PBXGroup;
			children = (
				56ED013E2595465C001770B8 /* Models */,
				56ED013825954523001770B8 /* Views */,
				56077FCD257D312500B3E0C2 /* Extensions */,
				56ED012D25951662001770B8 /* ContactsViewController.swift */,
				56B9336725717627001EB195 /* ContactsInteractor.swift */,
				56B9336C257260FB001EB195 /* ContactsRepository.swift */,
				56B9337125726498001EB195 /* ContactsPresenter.swift */,
				56B9337B25726972001EB195 /* ContactsRouter.swift */,
			);
			path = Contacts;
			sourceTree = "<group>";
		};
		56D1CE4525559858008485FD /* News */ = {
			isa = PBXGroup;
			children = (
				56D1CE562555F5D5008485FD /* Extensions */,
				56D1CE4625559990008485FD /* NewsRequest.swift */,
				56D1CE572555F5FA008485FD /* News.swift */,
			);
			path = News;
			sourceTree = "<group>";
		};
		56D1CE562555F5D5008485FD /* Extensions */ = {
			isa = PBXGroup;
			children = (
				56D1CE5C2555F625008485FD /* Article+Extensions.swift */,
				56077FD6257D337100B3E0C2 /* ResponseCategoryModel+NewsExtensions.swift */,
			);
			path = Extensions;
			sourceTree = "<group>";
		};
		56D20DEA263D8A73000E9897 /* Survey */ = {
			isa = PBXGroup;
			children = (
				566D98642690CA1E00BE68C4 /* JSON */,
				5626531E2664423700359DBB /* Models */,
				56F4609D265FDB27005EA565 /* ResearchKitSurvey */,
				56F46087265A8C17005EA565 /* Extension */,
				56D20DEB263D8ACE000E9897 /* SurveyViewController.swift */,
				56D20DF3263D8ADF000E9897 /* SurveyInteractor.swift */,
				56D20DF8263D8AEF000E9897 /* SurveyRouter.swift */,
				56D20DFD263D8B00000E9897 /* SurveyRepository.swift */,
				56D20E02263D8B22000E9897 /* SurveyPresenter.swift */,
				566D986B2691EB8F00BE68C4 /* SurveyId.swift */,
			);
			path = Survey;
			sourceTree = "<group>";
		};
		56ECA3282837A6D500006857 /* MachineLearning */ = {
			isa = PBXGroup;
			children = (
				56ECA3302837AEAC00006857 /* QuestionAndAnswer */,
				56ECA32B2837A7A300006857 /* Models */,
			);
			path = MachineLearning;
			sourceTree = "<group>";
		};
		56ECA32B2837A7A300006857 /* Models */ = {
			isa = PBXGroup;
			children = (
				56ECA340283945AE00006857 /* BERTQAFP16.mlmodel */,
				56ECA3362837B47700006857 /* bert-base-uncased-vocab.txt */,
			);
			path = Models;
			sourceTree = "<group>";
		};
		56ECA3302837AEAC00006857 /* QuestionAndAnswer */ = {
			isa = PBXGroup;
			children = (
				56ECA32C2837A97800006857 /* QuestionAnswerModel.swift */,
				56ECA3382839417900006857 /* BertInput.swift */,
				56ECA33A283941AA00006857 /* BertOutput.swift */,
				56ECA33C283941E800006857 /* BertVocabulary.swift */,
				56ECA33E2839423600006857 /* TokenizedString.swift */,
			);
			path = QuestionAndAnswer;
			sourceTree = "<group>";
		};
		56ED013825954523001770B8 /* Views */ = {
			isa = PBXGroup;
			children = (
				56ED01392595455C001770B8 /* ContactCell.swift */,
			);
			path = Views;
			sourceTree = "<group>";
		};
		56ED013E2595465C001770B8 /* Models */ = {
			isa = PBXGroup;
			children = (
				56B933A4257290B2001EB195 /* Contact.swift */,
			);
			path = Models;
			sourceTree = "<group>";
		};
		56F46087265A8C17005EA565 /* Extension */ = {
			isa = PBXGroup;
			children = (
				56F46088265A8C39005EA565 /* ResponseCategoryModel+SurveyExtensions.swift */,
				56265321266478B300359DBB /* BotInteractor+SurveyDelegateExtensions.swift */,
			);
			path = Extension;
			sourceTree = "<group>";
		};
		56F4609D265FDB27005EA565 /* ResearchKitSurvey */ = {
			isa = PBXGroup;
			children = (
				56F46098265A971F005EA565 /* ConsentTask.swift */,
				56F46093265A9588005EA565 /* ConsentDocument.swift */,
				56F4609E265FDB4A005EA565 /* SurveyTaskFactory.swift */,
				56F074C92663C6240099DA8F /* ORKFieldValue.swift */,
			);
			path = ResearchKitSurvey;
			sourceTree = "<group>";
		};
		56F5B3C72693CD8900773D6A /* Extensions */ = {
			isa = PBXGroup;
			children = (
				56F5B3C82693CDA200773D6A /* String+BotExtensions.swift */,
			);
			path = Extensions;
			sourceTree = "<group>";
		};
/* End PBXGroup section */

/* Begin PBXNativeTarget section */
		56279F212516264A00DAC0ED /* ToDoAssistant */ = {
			isa = PBXNativeTarget;
			buildConfigurationList = 56279F4C2516264C00DAC0ED /* Build configuration list for PBXNativeTarget "ToDoAssistant" */;
			buildPhases = (
				56279F1E2516264A00DAC0ED /* Sources */,
				56279F1F2516264A00DAC0ED /* Frameworks */,
				56279F202516264A00DAC0ED /* Resources */,
			);
			buildRules = (
			);
			dependencies = (
			);
			name = ToDoAssistant;
			packageProductDependencies = (
				56F4608E265A94EC005EA565 /* ResearchKit */,
				56CE47A02688981C00A866CA /* SQLite */,
			);
			productName = ToDoAssistant;
			productReference = 56279F222516264A00DAC0ED /* ToDoAssistant.app */;
			productType = "com.apple.product-type.application";
		};
		56279F372516264C00DAC0ED /* ToDoAssistantTests */ = {
			isa = PBXNativeTarget;
			buildConfigurationList = 56279F4F2516264C00DAC0ED /* Build configuration list for PBXNativeTarget "ToDoAssistantTests" */;
			buildPhases = (
				56279F342516264C00DAC0ED /* Sources */,
				56279F352516264C00DAC0ED /* Frameworks */,
				56279F362516264C00DAC0ED /* Resources */,
			);
			buildRules = (
			);
			dependencies = (
				56279F3A2516264C00DAC0ED /* PBXTargetDependency */,
			);
			name = ToDoAssistantTests;
			productName = ToDoAssistantTests;
			productReference = 56279F382516264C00DAC0ED /* ToDoAssistantTests.xctest */;
			productType = "com.apple.product-type.bundle.unit-test";
		};
		56279F422516264C00DAC0ED /* ToDoAssistantUITests */ = {
			isa = PBXNativeTarget;
			buildConfigurationList = 56279F522516264C00DAC0ED /* Build configuration list for PBXNativeTarget "ToDoAssistantUITests" */;
			buildPhases = (
				56279F3F2516264C00DAC0ED /* Sources */,
				56279F402516264C00DAC0ED /* Frameworks */,
				56279F412516264C00DAC0ED /* Resources */,
			);
			buildRules = (
			);
			dependencies = (
				56279F452516264C00DAC0ED /* PBXTargetDependency */,
			);
			name = ToDoAssistantUITests;
			productName = ToDoAssistantUITests;
			productReference = 56279F432516264C00DAC0ED /* ToDoAssistantUITests.xctest */;
			productType = "com.apple.product-type.bundle.ui-testing";
		};
/* End PBXNativeTarget section */

/* Begin PBXProject section */
		56279F1A2516264A00DAC0ED /* Project object */ = {
			isa = PBXProject;
			attributes = {
				LastSwiftUpdateCheck = 1170;
				LastUpgradeCheck = 1250;
				ORGANIZATIONNAME = "Luke Dreyer";
				TargetAttributes = {
					56279F212516264A00DAC0ED = {
						CreatedOnToolsVersion = 11.7;
						LastSwiftMigration = 1250;
					};
					56279F372516264C00DAC0ED = {
						CreatedOnToolsVersion = 11.7;
						TestTargetID = 56279F212516264A00DAC0ED;
					};
					56279F422516264C00DAC0ED = {
						CreatedOnToolsVersion = 11.7;
						TestTargetID = 56279F212516264A00DAC0ED;
					};
				};
			};
			buildConfigurationList = 56279F1D2516264A00DAC0ED /* Build configuration list for PBXProject "ToDoAssistant" */;
			compatibilityVersion = "Xcode 9.3";
			developmentRegion = en;
			hasScannedForEncodings = 0;
			knownRegions = (
				en,
				Base,
			);
			mainGroup = 56279F192516264A00DAC0ED;
			packageReferences = (
				56F4608D265A94EC005EA565 /* XCRemoteSwiftPackageReference "ResearchKit" */,
				56CE479F2688981C00A866CA /* XCRemoteSwiftPackageReference "SQLite.swift" */,
			);
			productRefGroup = 56279F232516264A00DAC0ED /* Products */;
			projectDirPath = "";
			projectRoot = "";
			targets = (
				56279F212516264A00DAC0ED /* ToDoAssistant */,
				56279F372516264C00DAC0ED /* ToDoAssistantTests */,
				56279F422516264C00DAC0ED /* ToDoAssistantUITests */,
			);
		};
/* End PBXProject section */

/* Begin PBXResourcesBuildPhase section */
		56279F202516264A00DAC0ED /* Resources */ = {
			isa = PBXResourcesBuildPhase;
			buildActionMask = 2147483647;
			files = (
				56ECA3372837B47700006857 /* bert-base-uncased-vocab.txt in Resources */,
				56279F322516264C00DAC0ED /* LaunchScreen.storyboard in Resources */,
				56279F2F2516264C00DAC0ED /* Preview Assets.xcassets in Resources */,
				5639350B257D3AD100CA7B33 /* NewsRequestApiKey.txt in Resources */,
				566D98662690CA5E00BE68C4 /* CitizenshipSurvey.json in Resources */,
				56279F2C2516264C00DAC0ED /* Assets.xcassets in Resources */,
			);
			runOnlyForDeploymentPostprocessing = 0;
		};
		56279F362516264C00DAC0ED /* Resources */ = {
			isa = PBXResourcesBuildPhase;
			buildActionMask = 2147483647;
			files = (
			);
			runOnlyForDeploymentPostprocessing = 0;
		};
		56279F412516264C00DAC0ED /* Resources */ = {
			isa = PBXResourcesBuildPhase;
			buildActionMask = 2147483647;
			files = (
			);
			runOnlyForDeploymentPostprocessing = 0;
		};
/* End PBXResourcesBuildPhase section */

/* Begin PBXSourcesBuildPhase section */
		56279F1E2516264A00DAC0ED /* Sources */ = {
			isa = PBXSourcesBuildPhase;
			buildActionMask = 2147483647;
			files = (
				56537389251690A000828464 /* ResponseCategoryModel.swift in Sources */,
				56ECA33F2839423600006857 /* TokenizedString.swift in Sources */,
				5653739725169B4800828464 /* Action.swift in Sources */,
				56F46083265A896C005EA565 /* StaticActionId.swift in Sources */,
				56D20DEC263D8ACE000E9897 /* SurveyViewController.swift in Sources */,
				56D1CE5D2555F625008485FD /* Article+Extensions.swift in Sources */,
				56B9339125727FDA001EB195 /* BotRouter.swift in Sources */,
				566D986C2691EB8F00BE68C4 /* SurveyId.swift in Sources */,
				5653738125168B3400828464 /* StringProtocol+Extensions.swift in Sources */,
				56D1CE582555F5FA008485FD /* News.swift in Sources */,
				56265326266485D700359DBB /* Bool+Extensions.swift in Sources */,
				563D7BBA2674E37A00B5E084 /* MessagesViewModel.swift in Sources */,
				56279F562516303E00DAC0ED /* MessageView.swift in Sources */,
				5653737B251683EB00828464 /* CategoryDictionary.swift in Sources */,
				56ECA32D2837A97800006857 /* QuestionAnswerModel.swift in Sources */,
				56B933A5257290B2001EB195 /* Contact.swift in Sources */,
				56CE47A5268898FE00A866CA /* BaseDao.swift in Sources */,
				56F074CA2663C6240099DA8F /* ORKFieldValue.swift in Sources */,
				56ECA33D283941E800006857 /* BertVocabulary.swift in Sources */,
				5695533A27C3026F00C7248A /* AppDependencies.swift in Sources */,
				56B9337225726498001EB195 /* ContactsPresenter.swift in Sources */,
				56D20DF4263D8ADF000E9897 /* SurveyInteractor.swift in Sources */,
				56ECA3392839417900006857 /* BertInput.swift in Sources */,
				563D7BB42674CA3500B5E084 /* LinkedList.swift in Sources */,
				56F4609F265FDB4A005EA565 /* SurveyTaskFactory.swift in Sources */,
				56D1CE812557007C008485FD /* Message.swift in Sources */,
				56B9336D257260FC001EB195 /* ContactsRepository.swift in Sources */,
				56CE47A32688987E00A866CA /* CategoriesDao.swift in Sources */,
				56D20E03263D8B22000E9897 /* SurveyPresenter.swift in Sources */,
				563D7BB62674D7D000B5E084 /* GeneralError.swift in Sources */,
				56D20DFE263D8B00000E9897 /* SurveyRepository.swift in Sources */,
				56F46099265A971F005EA565 /* ConsentTask.swift in Sources */,
				56279F262516264A00DAC0ED /* AppDelegate.swift in Sources */,
				56B93377257268E3001EB195 /* TodoAssistantDisplayManager.swift in Sources */,
				56279F282516264A00DAC0ED /* SceneDelegate.swift in Sources */,
				56077FCF257D318900B3E0C2 /* ResponseCategoryModel+ContactsExtensions.swift in Sources */,
				56279F2A2516264A00DAC0ED /* ContentView.swift in Sources */,
				56077FD7257D337100B3E0C2 /* ResponseCategoryModel+NewsExtensions.swift in Sources */,
				56F5B3C92693CDA200773D6A /* String+BotExtensions.swift in Sources */,
				56D1CE4F2555CF47008485FD /* String+Extensions.swift in Sources */,
				5653737125167C8000828464 /* MessagesView.swift in Sources */,
				5653736C25167C4500828464 /* MessageViewPresenter.swift in Sources */,
				56265320266442D900359DBB /* SurveyQuestions.swift in Sources */,
				56ECA33B283941AA00006857 /* BertOutput.swift in Sources */,
				5653737625167DCC00828464 /* ResponseCategory.swift in Sources */,
				56393517257D7CA400CA7B33 /* GlobalConstants.swift in Sources */,
				563D7BB82674D80600B5E084 /* ToDoAssistantDomains.swift in Sources */,
				56D20DF9263D8AEF000E9897 /* SurveyRouter.swift in Sources */,
				56F46089265A8C39005EA565 /* ResponseCategoryModel+SurveyExtensions.swift in Sources */,
				56F46094265A9588005EA565 /* ConsentDocument.swift in Sources */,
				56D1CE4725559990008485FD /* NewsRequest.swift in Sources */,
				56B9336825717627001EB195 /* ContactsInteractor.swift in Sources */,
				56D1CE672556706F008485FD /* BotInteractor.swift in Sources */,
				566D986A2690FA0200BE68C4 /* FileLoader.swift in Sources */,
				56265322266478B300359DBB /* BotInteractor+SurveyDelegateExtensions.swift in Sources */,
				5653736425167C1B00828464 /* Bot.swift in Sources */,
				56B9337C25726972001EB195 /* ContactsRouter.swift in Sources */,
				56ED012E25951662001770B8 /* ContactsViewController.swift in Sources */,
				56ECA341283945AE00006857 /* BERTQAFP16.mlmodel in Sources */,
				56ED013A2595455C001770B8 /* ContactCell.swift in Sources */,
				566D98682690F34300BE68C4 /* CitizenshipSurvey.swift in Sources */,
				563D7BB22674C97000B5E084 /* Queue.swift in Sources */,
			);
			runOnlyForDeploymentPostprocessing = 0;
		};
		56279F342516264C00DAC0ED /* Sources */ = {
			isa = PBXSourcesBuildPhase;
			buildActionMask = 2147483647;
			files = (
				5680017A259AC70D000DB888 /* ContactsTests.swift in Sources */,
				5673D77327A5D446001688AE /* StringUniqueIdEncodeDecodeTests.swift in Sources */,
				5695533827C2A1B400C7248A /* ResponseCategoryTests.swift in Sources */,
				56800183259AC7B2000DB888 /* MockDisplayManager.swift in Sources */,
			);
			runOnlyForDeploymentPostprocessing = 0;
		};
		56279F3F2516264C00DAC0ED /* Sources */ = {
			isa = PBXSourcesBuildPhase;
			buildActionMask = 2147483647;
			files = (
				56279F482516264C00DAC0ED /* ToDoAssistantUITests.swift in Sources */,
			);
			runOnlyForDeploymentPostprocessing = 0;
		};
/* End PBXSourcesBuildPhase section */

/* Begin PBXTargetDependency section */
		56279F3A2516264C00DAC0ED /* PBXTargetDependency */ = {
			isa = PBXTargetDependency;
			target = 56279F212516264A00DAC0ED /* ToDoAssistant */;
			targetProxy = 56279F392516264C00DAC0ED /* PBXContainerItemProxy */;
		};
		56279F452516264C00DAC0ED /* PBXTargetDependency */ = {
			isa = PBXTargetDependency;
			target = 56279F212516264A00DAC0ED /* ToDoAssistant */;
			targetProxy = 56279F442516264C00DAC0ED /* PBXContainerItemProxy */;
		};
/* End PBXTargetDependency section */

/* Begin PBXVariantGroup section */
		56279F302516264C00DAC0ED /* LaunchScreen.storyboard */ = {
			isa = PBXVariantGroup;
			children = (
				56279F312516264C00DAC0ED /* Base */,
			);
			name = LaunchScreen.storyboard;
			sourceTree = "<group>";
		};
/* End PBXVariantGroup section */

/* Begin XCBuildConfiguration section */
		56279F4A2516264C00DAC0ED /* Debug */ = {
			isa = XCBuildConfiguration;
			buildSettings = {
				ALWAYS_SEARCH_USER_PATHS = NO;
				CLANG_ANALYZER_NONNULL = YES;
				CLANG_ANALYZER_NUMBER_OBJECT_CONVERSION = YES_AGGRESSIVE;
				CLANG_CXX_LANGUAGE_STANDARD = "gnu++14";
				CLANG_CXX_LIBRARY = "libc++";
				CLANG_ENABLE_MODULES = YES;
				CLANG_ENABLE_OBJC_ARC = YES;
				CLANG_ENABLE_OBJC_WEAK = YES;
				CLANG_WARN_BLOCK_CAPTURE_AUTORELEASING = YES;
				CLANG_WARN_BOOL_CONVERSION = YES;
				CLANG_WARN_COMMA = YES;
				CLANG_WARN_CONSTANT_CONVERSION = YES;
				CLANG_WARN_DEPRECATED_OBJC_IMPLEMENTATIONS = YES;
				CLANG_WARN_DIRECT_OBJC_ISA_USAGE = YES_ERROR;
				CLANG_WARN_DOCUMENTATION_COMMENTS = YES;
				CLANG_WARN_EMPTY_BODY = YES;
				CLANG_WARN_ENUM_CONVERSION = YES;
				CLANG_WARN_INFINITE_RECURSION = YES;
				CLANG_WARN_INT_CONVERSION = YES;
				CLANG_WARN_NON_LITERAL_NULL_CONVERSION = YES;
				CLANG_WARN_OBJC_IMPLICIT_RETAIN_SELF = YES;
				CLANG_WARN_OBJC_LITERAL_CONVERSION = YES;
				CLANG_WARN_OBJC_ROOT_CLASS = YES_ERROR;
				CLANG_WARN_QUOTED_INCLUDE_IN_FRAMEWORK_HEADER = YES;
				CLANG_WARN_RANGE_LOOP_ANALYSIS = YES;
				CLANG_WARN_STRICT_PROTOTYPES = YES;
				CLANG_WARN_SUSPICIOUS_MOVE = YES;
				CLANG_WARN_UNGUARDED_AVAILABILITY = YES_AGGRESSIVE;
				CLANG_WARN_UNREACHABLE_CODE = YES;
				CLANG_WARN__DUPLICATE_METHOD_MATCH = YES;
				COPY_PHASE_STRIP = NO;
				DEBUG_INFORMATION_FORMAT = dwarf;
				ENABLE_STRICT_OBJC_MSGSEND = YES;
				ENABLE_TESTABILITY = YES;
				GCC_C_LANGUAGE_STANDARD = gnu11;
				GCC_DYNAMIC_NO_PIC = NO;
				GCC_NO_COMMON_BLOCKS = YES;
				GCC_OPTIMIZATION_LEVEL = 0;
				GCC_PREPROCESSOR_DEFINITIONS = (
					"DEBUG=1",
					"$(inherited)",
				);
				GCC_WARN_64_TO_32_BIT_CONVERSION = YES;
				GCC_WARN_ABOUT_RETURN_TYPE = YES_ERROR;
				GCC_WARN_UNDECLARED_SELECTOR = YES;
				GCC_WARN_UNINITIALIZED_AUTOS = YES_AGGRESSIVE;
				GCC_WARN_UNUSED_FUNCTION = YES;
				GCC_WARN_UNUSED_VARIABLE = YES;
				IPHONEOS_DEPLOYMENT_TARGET = 14.0;
				MTL_ENABLE_DEBUG_INFO = INCLUDE_SOURCE;
				MTL_FAST_MATH = YES;
				ONLY_ACTIVE_ARCH = YES;
				SDKROOT = iphoneos;
				SWIFT_ACTIVE_COMPILATION_CONDITIONS = DEBUG;
				SWIFT_OPTIMIZATION_LEVEL = "-Onone";
			};
			name = Debug;
		};
		56279F4B2516264C00DAC0ED /* Release */ = {
			isa = XCBuildConfiguration;
			buildSettings = {
				ALWAYS_SEARCH_USER_PATHS = NO;
				CLANG_ANALYZER_NONNULL = YES;
				CLANG_ANALYZER_NUMBER_OBJECT_CONVERSION = YES_AGGRESSIVE;
				CLANG_CXX_LANGUAGE_STANDARD = "gnu++14";
				CLANG_CXX_LIBRARY = "libc++";
				CLANG_ENABLE_MODULES = YES;
				CLANG_ENABLE_OBJC_ARC = YES;
				CLANG_ENABLE_OBJC_WEAK = YES;
				CLANG_WARN_BLOCK_CAPTURE_AUTORELEASING = YES;
				CLANG_WARN_BOOL_CONVERSION = YES;
				CLANG_WARN_COMMA = YES;
				CLANG_WARN_CONSTANT_CONVERSION = YES;
				CLANG_WARN_DEPRECATED_OBJC_IMPLEMENTATIONS = YES;
				CLANG_WARN_DIRECT_OBJC_ISA_USAGE = YES_ERROR;
				CLANG_WARN_DOCUMENTATION_COMMENTS = YES;
				CLANG_WARN_EMPTY_BODY = YES;
				CLANG_WARN_ENUM_CONVERSION = YES;
				CLANG_WARN_INFINITE_RECURSION = YES;
				CLANG_WARN_INT_CONVERSION = YES;
				CLANG_WARN_NON_LITERAL_NULL_CONVERSION = YES;
				CLANG_WARN_OBJC_IMPLICIT_RETAIN_SELF = YES;
				CLANG_WARN_OBJC_LITERAL_CONVERSION = YES;
				CLANG_WARN_OBJC_ROOT_CLASS = YES_ERROR;
				CLANG_WARN_QUOTED_INCLUDE_IN_FRAMEWORK_HEADER = YES;
				CLANG_WARN_RANGE_LOOP_ANALYSIS = YES;
				CLANG_WARN_STRICT_PROTOTYPES = YES;
				CLANG_WARN_SUSPICIOUS_MOVE = YES;
				CLANG_WARN_UNGUARDED_AVAILABILITY = YES_AGGRESSIVE;
				CLANG_WARN_UNREACHABLE_CODE = YES;
				CLANG_WARN__DUPLICATE_METHOD_MATCH = YES;
				COPY_PHASE_STRIP = NO;
				DEBUG_INFORMATION_FORMAT = "dwarf-with-dsym";
				ENABLE_NS_ASSERTIONS = NO;
				ENABLE_STRICT_OBJC_MSGSEND = YES;
				GCC_C_LANGUAGE_STANDARD = gnu11;
				GCC_NO_COMMON_BLOCKS = YES;
				GCC_WARN_64_TO_32_BIT_CONVERSION = YES;
				GCC_WARN_ABOUT_RETURN_TYPE = YES_ERROR;
				GCC_WARN_UNDECLARED_SELECTOR = YES;
				GCC_WARN_UNINITIALIZED_AUTOS = YES_AGGRESSIVE;
				GCC_WARN_UNUSED_FUNCTION = YES;
				GCC_WARN_UNUSED_VARIABLE = YES;
				IPHONEOS_DEPLOYMENT_TARGET = 14.0;
				MTL_ENABLE_DEBUG_INFO = NO;
				MTL_FAST_MATH = YES;
				SDKROOT = iphoneos;
				SWIFT_COMPILATION_MODE = wholemodule;
				SWIFT_OPTIMIZATION_LEVEL = "-O";
				VALIDATE_PRODUCT = YES;
			};
			name = Release;
		};
		56279F4D2516264C00DAC0ED /* Debug */ = {
			isa = XCBuildConfiguration;
			buildSettings = {
				ASSETCATALOG_COMPILER_APPICON_NAME = AppIcon;
				CLANG_ENABLE_MODULES = YES;
				CODE_SIGN_STYLE = Automatic;
				DEVELOPMENT_ASSET_PATHS = "\"ToDoAssistant/Preview Content\"";
				DEVELOPMENT_TEAM = 5GJRDP873Y;
				ENABLE_PREVIEWS = YES;
				INFOPLIST_FILE = ToDoAssistant/Info.plist;
				LD_RUNPATH_SEARCH_PATHS = (
					"$(inherited)",
					"@executable_path/Frameworks",
				);
				PRODUCT_BUNDLE_IDENTIFIER = com.DesperadoIndieDevelopers.ToDoAssistant;
				PRODUCT_NAME = "$(TARGET_NAME)";
				SWIFT_VERSION = 5.0;
				TARGETED_DEVICE_FAMILY = "1,2";
			};
			name = Debug;
		};
		56279F4E2516264C00DAC0ED /* Release */ = {
			isa = XCBuildConfiguration;
			buildSettings = {
				ASSETCATALOG_COMPILER_APPICON_NAME = AppIcon;
				CLANG_ENABLE_MODULES = YES;
				CODE_SIGN_STYLE = Automatic;
				DEVELOPMENT_ASSET_PATHS = "\"ToDoAssistant/Preview Content\"";
				DEVELOPMENT_TEAM = 5GJRDP873Y;
				ENABLE_PREVIEWS = YES;
				INFOPLIST_FILE = ToDoAssistant/Info.plist;
				LD_RUNPATH_SEARCH_PATHS = (
					"$(inherited)",
					"@executable_path/Frameworks",
				);
				PRODUCT_BUNDLE_IDENTIFIER = com.DesperadoIndieDevelopers.ToDoAssistant;
				PRODUCT_NAME = "$(TARGET_NAME)";
				SWIFT_OBJC_BRIDGING_HEADER = "ToDoAssistant/Core/ToDoAssistant-Bridging-Header.h";
				SWIFT_VERSION = 5.0;
				TARGETED_DEVICE_FAMILY = "1,2";
			};
			name = Release;
		};
		56279F502516264C00DAC0ED /* Debug */ = {
			isa = XCBuildConfiguration;
			buildSettings = {
				ALWAYS_EMBED_SWIFT_STANDARD_LIBRARIES = YES;
				BUNDLE_LOADER = "$(TEST_HOST)";
				CODE_SIGN_STYLE = Automatic;
				DEVELOPMENT_TEAM = 5GJRDP873Y;
				INFOPLIST_FILE = ToDoAssistantTests/Info.plist;
				IPHONEOS_DEPLOYMENT_TARGET = 14.0;
				LD_RUNPATH_SEARCH_PATHS = (
					"$(inherited)",
					"@executable_path/Frameworks",
					"@loader_path/Frameworks",
				);
				PRODUCT_BUNDLE_IDENTIFIER = com.DesperadoIndieDevelopers.ToDoAssistantTests;
				PRODUCT_NAME = "$(TARGET_NAME)";
				SWIFT_VERSION = 5.0;
				TARGETED_DEVICE_FAMILY = "1,2";
				TEST_HOST = "$(BUILT_PRODUCTS_DIR)/ToDoAssistant.app/ToDoAssistant";
			};
			name = Debug;
		};
		56279F512516264C00DAC0ED /* Release */ = {
			isa = XCBuildConfiguration;
			buildSettings = {
				ALWAYS_EMBED_SWIFT_STANDARD_LIBRARIES = YES;
				BUNDLE_LOADER = "$(TEST_HOST)";
				CODE_SIGN_STYLE = Automatic;
				DEVELOPMENT_TEAM = 5GJRDP873Y;
				INFOPLIST_FILE = ToDoAssistantTests/Info.plist;
				IPHONEOS_DEPLOYMENT_TARGET = 14.0;
				LD_RUNPATH_SEARCH_PATHS = (
					"$(inherited)",
					"@executable_path/Frameworks",
					"@loader_path/Frameworks",
				);
				PRODUCT_BUNDLE_IDENTIFIER = com.DesperadoIndieDevelopers.ToDoAssistantTests;
				PRODUCT_NAME = "$(TARGET_NAME)";
				SWIFT_VERSION = 5.0;
				TARGETED_DEVICE_FAMILY = "1,2";
				TEST_HOST = "$(BUILT_PRODUCTS_DIR)/ToDoAssistant.app/ToDoAssistant";
			};
			name = Release;
		};
		56279F532516264C00DAC0ED /* Debug */ = {
			isa = XCBuildConfiguration;
			buildSettings = {
				ALWAYS_EMBED_SWIFT_STANDARD_LIBRARIES = YES;
				CODE_SIGN_STYLE = Automatic;
				DEVELOPMENT_TEAM = 5GJRDP873Y;
				INFOPLIST_FILE = ToDoAssistantUITests/Info.plist;
				LD_RUNPATH_SEARCH_PATHS = (
					"$(inherited)",
					"@executable_path/Frameworks",
					"@loader_path/Frameworks",
				);
				PRODUCT_BUNDLE_IDENTIFIER = com.DesperadoIndieDevelopers.ToDoAssistantUITests;
				PRODUCT_NAME = "$(TARGET_NAME)";
				SWIFT_VERSION = 5.0;
				TARGETED_DEVICE_FAMILY = "1,2";
				TEST_TARGET_NAME = ToDoAssistant;
			};
			name = Debug;
		};
		56279F542516264C00DAC0ED /* Release */ = {
			isa = XCBuildConfiguration;
			buildSettings = {
				ALWAYS_EMBED_SWIFT_STANDARD_LIBRARIES = YES;
				CODE_SIGN_STYLE = Automatic;
				DEVELOPMENT_TEAM = 5GJRDP873Y;
				INFOPLIST_FILE = ToDoAssistantUITests/Info.plist;
				LD_RUNPATH_SEARCH_PATHS = (
					"$(inherited)",
					"@executable_path/Frameworks",
					"@loader_path/Frameworks",
				);
				PRODUCT_BUNDLE_IDENTIFIER = com.DesperadoIndieDevelopers.ToDoAssistantUITests;
				PRODUCT_NAME = "$(TARGET_NAME)";
				SWIFT_VERSION = 5.0;
				TARGETED_DEVICE_FAMILY = "1,2";
				TEST_TARGET_NAME = ToDoAssistant;
			};
			name = Release;
		};
/* End XCBuildConfiguration section */

/* Begin XCConfigurationList section */
		56279F1D2516264A00DAC0ED /* Build configuration list for PBXProject "ToDoAssistant" */ = {
			isa = XCConfigurationList;
			buildConfigurations = (
				56279F4A2516264C00DAC0ED /* Debug */,
				56279F4B2516264C00DAC0ED /* Release */,
			);
			defaultConfigurationIsVisible = 0;
			defaultConfigurationName = Release;
		};
		56279F4C2516264C00DAC0ED /* Build configuration list for PBXNativeTarget "ToDoAssistant" */ = {
			isa = XCConfigurationList;
			buildConfigurations = (
				56279F4D2516264C00DAC0ED /* Debug */,
				56279F4E2516264C00DAC0ED /* Release */,
			);
			defaultConfigurationIsVisible = 0;
			defaultConfigurationName = Release;
		};
		56279F4F2516264C00DAC0ED /* Build configuration list for PBXNativeTarget "ToDoAssistantTests" */ = {
			isa = XCConfigurationList;
			buildConfigurations = (
				56279F502516264C00DAC0ED /* Debug */,
				56279F512516264C00DAC0ED /* Release */,
			);
			defaultConfigurationIsVisible = 0;
			defaultConfigurationName = Release;
		};
		56279F522516264C00DAC0ED /* Build configuration list for PBXNativeTarget "ToDoAssistantUITests" */ = {
			isa = XCConfigurationList;
			buildConfigurations = (
				56279F532516264C00DAC0ED /* Debug */,
				56279F542516264C00DAC0ED /* Release */,
			);
			defaultConfigurationIsVisible = 0;
			defaultConfigurationName = Release;
		};
/* End XCConfigurationList section */

/* Begin XCRemoteSwiftPackageReference section */
		56CE479F2688981C00A866CA /* XCRemoteSwiftPackageReference "SQLite.swift" */ = {
			isa = XCRemoteSwiftPackageReference;
			repositoryURL = "https://github.com/stephencelis/SQLite.swift.git";
			requirement = {
				kind = upToNextMajorVersion;
				minimumVersion = 0.12.2;
			};
		};
		56F4608D265A94EC005EA565 /* XCRemoteSwiftPackageReference "ResearchKit" */ = {
			isa = XCRemoteSwiftPackageReference;
			repositoryURL = "https://github.com/SpMngs/ResearchKit.git";
			requirement = {
				branch = main;
				kind = branch;
			};
		};
/* End XCRemoteSwiftPackageReference section */

/* Begin XCSwiftPackageProductDependency section */
		56CE47A02688981C00A866CA /* SQLite */ = {
			isa = XCSwiftPackageProductDependency;
			package = 56CE479F2688981C00A866CA /* XCRemoteSwiftPackageReference "SQLite.swift" */;
			productName = SQLite;
		};
		56F4608E265A94EC005EA565 /* ResearchKit */ = {
			isa = XCSwiftPackageProductDependency;
			package = 56F4608D265A94EC005EA565 /* XCRemoteSwiftPackageReference "ResearchKit" */;
			productName = ResearchKit;
		};
/* End XCSwiftPackageProductDependency section */
	};
	rootObject = 56279F1A2516264A00DAC0ED /* Project object */;
}
